github.com/apache/thrift v0.19.0 h1:sOqkWPzMj7w6XaYbJQG7m4sGqVolaW/0D28Ln7yPzMk=
github.com/apache/thrift v0.19.0/go.mod h1:SUALL216IiaOw2Oy+5Vs9lboJ/t9g40C+G07Dc0QC1I=
github.com/apache/thrift v0.22.0 h1:r7mTJdj51TMDe6RtcmNdQxgn9XcyfGDOzegMDRg47uc=
github.com/apache/thrift v0.22.0/go.mod h1:1e7J/O1Ae6ZQMTYdy9xa3w9k+XHWPfRvdPyJeynQ+/g=
